Microsoft Visual Studio Solution File, Format Version 12.00
# Visual Studio 2012
Project("{FAE04EC0-301F-11D3-BF4B-00C04F79EFBC}") = "Project Cua Chart Converter", "Project Cua Chart Converter.csproj", "{299758AF-22C8-4613-8494-2D759F06B035}"
EndProject
Global
	GlobalSection(SolutionConfigurationPlatforms) = preSolution
	Debug|Any CPU = Debug|Any CPU
	ExportDebug|Any CPU = ExportDebug|Any CPU
	ExportRelease|Any CPU = ExportRelease|Any CPU
	EndGlobalSection
	GlobalSection(ProjectConfigurationPlatforms) = postSolution
		{299758AF-22C8-4613-8494-2D759F06B035}.Debug|Any CPU.ActiveCfg = Debug|Any CPU
		{299758AF-22C8-4613-8494-2D759F06B035}.Debug|Any CPU.Build.0 = Debug|Any CPU
		{299758AF-22C8-4613-8494-2D759F06B035}.ExportDebug|Any CPU.ActiveCfg = ExportDebug|Any CPU
		{299758AF-22C8-4613-8494-2D759F06B035}.ExportDebug|Any CPU.Build.0 = ExportDebug|Any CPU
		{299758AF-22C8-4613-8494-2D759F06B035}.ExportRelease|Any CPU.ActiveCfg = ExportRelease|Any CPU
		{299758AF-22C8-4613-8494-2D759F06B035}.ExportRelease|Any CPU.Build.0 = ExportRelease|Any CPU
	EndGlobalSection
EndGlobal
